
Microsoft Visual Studio Solution File, Format Version 12.00
# Visual Studio Version 17
VisualStudioVersion = 17.11.35327.3
MinimumVisualStudioVersion = 10.0.40219.1
Project("{FAE04EC0-301F-11D3-BF4B-00C04F79EFBC}") = "TisztaVaros", "TisztaVaros\TisztaVaros.csproj", "{937B62A2-7330-4183-8256-90CC6B3DAB29}"
EndProject
Global
	GlobalSection(SolutionConfigurationPlatforms) = preSolution
		Debug|Any CPU = Debug|Any CPU
		Release|Any CPU = Release|Any CPU
	EndGlobalSection
	GlobalSection(ProjectConfigurationPlatforms) = postSolution
		{937B62A2-7330-4183-8256-90CC6B3DAB29}.Debug|Any CPU.ActiveCfg = Debug|Any CPU
		{937B62A2-7330-4183-8256-90CC6B3DAB29}.Debug|Any CPU.Build.0 = Debug|Any CPU
		{937B62A2-7330-4183-8256-90CC6B3DAB29}.Release|Any CPU.ActiveCfg = Release|Any CPU
		{937B62A2-7330-4183-8256-90CC6B3DAB29}.Release|Any CPU.Build.0 = Release|Any CPU
	EndGlobalSection
	GlobalSection(SolutionProperties) = preSolution
		HideSolutionNode = FALSE
	EndGlobalSection
	GlobalSection(ExtensibilityGlobals) = postSolution
		SolutionGuid = {AA550472-8F20-4A50-978D-8ACEDB660D8A}
	EndGlobalSection
EndGlobal
